# This file is automatically @generated by Cargo.
# It is not intended for manual editing.
version = 3

[[package]]
name = "cfg-if"
version = "1.0.0"
source = "registry+https://github.com/rust-lang/crates.io-index"
checksum = "baf1de4339761588bc0619e3cbc0120ee582ebb74b53b4efbf79117bd2da40fd"

[[package]]
name = "hound"
version = "3.5.0"
source = "registry+https://github.com/rust-lang/crates.io-index"
checksum = "4d13cdbd5dbb29f9c88095bbdc2590c9cba0d0a1269b983fef6b2cdd7e9f4db1"

[[package]]
name = "ines"
version = "0.3.0"
source = "registry+https://github.com/rust-lang/crates.io-index"
checksum = "929a8b322a4ba174e7afcdce3bdca387b1f3552664ba324a5f503f4200e0cadf"
dependencies = [
 "log",
]

[[package]]
name = "log"
version = "0.4.17"
source = "registry+https://github.com/rust-lang/crates.io-index"
checksum = "abb12e687cfb44aa40f41fc3978ef76448f9b6038cad6aef4259d3c095a2382e"
dependencies = [
 "cfg-if",
]

[[package]]
name = "meap"
version = "0.5.1"
source = "registry+https://github.com/rust-lang/crates.io-index"
checksum = "35d8b89cd0fdfe8f5e949ce92d26a5d18bad373053c43f1f6d9fecdab66d8b45"

[[package]]
name = "mos6502_assembler"
version = "0.3.0"
source = "registry+https://github.com/rust-lang/crates.io-index"
checksum = "cc9eff4fe1ba3ef79ecef358dc17456136af6275011e7d22591c03ddc6676d60"
dependencies = [
 "mos6502_model",
]

[[package]]
name = "mos6502_model"
version = "0.2.1"
source = "registry+https://github.com/rust-lang/crates.io-index"
checksum = "102c75683937af6e129843b5a654eebc8ed0d93e0f2b4a896bdc6bed17acbc23"
dependencies = [
 "log",
]

[[package]]
name = "nes-audio-playground"
version = "0.1.0"
dependencies = [
 "hound",
 "ines",
 "meap",
 "mos6502_assembler",
 "mos6502_model",
]
